{
  "originHash" : "eedd0efb67044007d1e8d9593bdb364c78ac4e94f4ad4cb100525023e510390b",
  "pins" : [
    {
      "identity" : "img2cubemap",
      "kind" : "remoteSourceControl",
      "location" : "https://github.com/nhiroyasu/Img2Cubemap.git",
      "state" : {
        "revision" : "d081252df43e212af0cf37b3b0ccecdbb9681f55",
        "version" : "0.1.6"
      }
    },
    {
      "identity" : "openexrwrapper",
      "kind" : "remoteSourceControl",
      "location" : "https://github.com/nhiroyasu/OpenEXRWrapper.git",
      "state" : {
        "revision" : "c3c3673e4efe76368a1d504c0b6d4151daac97dc",
        "version" : "0.1.1"
      }
    }
  ],
  "version" : 3
}
