// !$*UTF8*$!
{
	archiveVersion = 1;
	classes = {
	};
	objectVersion = 77;
	objects = {

/* Begin PBXBuildFile section */
		4F2030282E1171AC0047CAE8 /* SwiftGLTF in Frameworks */ = {isa = PBXBuildFile; productRef = 4F2030272E1171AC0047CAE8 /* SwiftGLTF */; };
		4F20302A2E1171AC0047CAE8 /* SwiftGLTFRenderer in Frameworks */ = {isa = PBXBuildFile; productRef = 4F2030292E1171AC0047CAE8 /* SwiftGLTFRenderer */; };
		4F20302C2E1171B30047CAE8 /* SwiftGLTF in Frameworks */ = {isa = PBXBuildFile; productRef = 4F20302B2E1171B30047CAE8 /* SwiftGLTF */; };
		4F20302E2E1171B30047CAE8 /* SwiftGLTFRenderer in Frameworks */ = {isa = PBXBuildFile; productRef = 4F20302D2E1171B30047CAE8 /* SwiftGLTFRenderer */; };
/* End PBXBuildFile section */

/* Begin PBXCopyFilesBuildPhase section */
		4F2EC0BA2DEBEE7B004C76AC /* Embed Frameworks */ = {
			isa = PBXCopyFilesBuildPhase;
			buildActionMask = 2147483647;
			dstPath = "";
			dstSubfolderSpec = 10;
			files = (
			);
			name = "Embed Frameworks";
			runOnlyForDeploymentPostprocessing = 0;
		};
/* End PBXCopyFilesBuildPhase section */

/* Begin PBXFileReference section */
		4F2EC0552DEBDD26004C76AC /* SwiftGLTFSample.app */ = {isa = PBXFileReference; explicitFileType = wrapper.application; includeInIndex = 0; path = SwiftGLTFSample.app; sourceTree = BUILT_PRODUCTS_DIR; };
		4F2EC0C22DEBEFF0004C76AC /* SwiftGLTFSample.app */ = {isa = PBXFileReference; explicitFileType = wrapper.application; includeInIndex = 0; path = SwiftGLTFSample.app; sourceTree = BUILT_PRODUCTS_DIR; };
/* End PBXFileReference section */

/* Begin PBXFileSystemSynchronizedBuildFileExceptionSet section */
		4F2030602E1189100047CAE8 /* Exceptions for "SwiftGLTFSample" folder in "SwiftGLTFSample_macOS" target */ = {
			isa = PBXFileSystemSynchronizedBuildFileExceptionSet;
			membershipExceptions = (
				"/Localized: macOS/Main.storyboard",
				macOS/AppDelegate.swift,
				macOS/Assets.xcassets,
				macOS/DraggableView.swift,
				macOS/ViewController.swift,
				Resources/env_map.exr,
				"Resources/sphere-with-color.bin",
				"Resources/sphere-with-color.gltf",
				Resources/sphere.bin,
				Resources/sphere.gltf,
			);
			target = 4F2EC0C12DEBEFF0004C76AC /* SwiftGLTFSample_macOS */;
		};
		4F2030772E11897F0047CAE8 /* Exceptions for "SwiftGLTFSample" folder in "SwiftGLTFSample_iOS" target */ = {
			isa = PBXFileSystemSynchronizedBuildFileExceptionSet;
			membershipExceptions = (
				"/Localized: macOS/Main.storyboard",
				iOS/Info.plist,
				macOS/AppDelegate.swift,
				macOS/Assets.xcassets,
				macOS/DraggableView.swift,
				macOS/Info.plist,
				macOS/ViewController.swift,
			);
			target = 4F2EC0542DEBDD26004C76AC /* SwiftGLTFSample_iOS */;
		};
/* End PBXFileSystemSynchronizedBuildFileExceptionSet section */

/* Begin PBXFileSystemSynchronizedRootGroup section */
		4F2EC0572DEBDD26004C76AC /* SwiftGLTFSample */ = {
			isa = PBXFileSystemSynchronizedRootGroup;
			exceptions = (
				4F2030772E11897F0047CAE8 /* Exceptions for "SwiftGLTFSample" folder in "SwiftGLTFSample_iOS" target */,
				4F2030602E1189100047CAE8 /* Exceptions for "SwiftGLTFSample" folder in "SwiftGLTFSample_macOS" target */,
			);
			path = SwiftGLTFSample;
			sourceTree = "<group>";
		};
/* End PBXFileSystemSynchronizedRootGroup section */

/* Begin PBXFrameworksBuildPhase section */
		4F2EC0522DEBDD26004C76AC /* Frameworks */ = {
			isa = PBXFrameworksBuildPhase;
			buildActionMask = 2147483647;
			files = (
				4F20302A2E1171AC0047CAE8 /* SwiftGLTFRenderer in Frameworks */,
				4F2030282E1171AC0047CAE8 /* SwiftGLTF in Frameworks */,
			);
			runOnlyForDeploymentPostprocessing = 0;
		};
		4F2EC0BF2DEBEFF0004C76AC /* Frameworks */ = {
			isa = PBXFrameworksBuildPhase;
			buildActionMask = 2147483647;
			files = (
				4F20302E2E1171B30047CAE8 /* SwiftGLTFRenderer in Frameworks */,
				4F20302C2E1171B30047CAE8 /* SwiftGLTF in Frameworks */,
			);
			runOnlyForDeploymentPostprocessing = 0;
		};
/* End PBXFrameworksBuildPhase section */

/* Begin PBXGroup section */
		4F2EC04C2DEBDD26004C76AC = {
			isa = PBXGroup;
			children = (
				4F2EC0572DEBDD26004C76AC /* SwiftGLTFSample */,
				4F2EC0A12DEBEE32004C76AC /* Frameworks */,
				4F2EC0562DEBDD26004C76AC /* Products */,
			);
			sourceTree = "<group>";
		};
		4F2EC0562DEBDD26004C76AC /* Products */ = {
			isa = PBXGroup;
			children = (
				4F2EC0552DEBDD26004C76AC /* SwiftGLTFSample.app */,
				4F2EC0C22DEBEFF0004C76AC /* SwiftGLTFSample.app */,
			);
			name = Products;
			sourceTree = "<group>";
		};
		4F2EC0A12DEBEE32004C76AC /* Frameworks */ = {
			isa = PBXGroup;
			children = (
			);
			name = Frameworks;
			sourceTree = "<group>";
		};
/* End PBXGroup section */

/* Begin PBXNativeTarget section */
		4F2EC0542DEBDD26004C76AC /* SwiftGLTFSample_iOS */ = {
			isa = PBXNativeTarget;
			buildConfigurationList = 4F2EC0682DEBDD27004C76AC /* Build configuration list for PBXNativeTarget "SwiftGLTFSample_iOS" */;
			buildPhases = (
				4F2EC0512DEBDD26004C76AC /* Sources */,
				4F2EC0522DEBDD26004C76AC /* Frameworks */,
				4F2EC0532DEBDD26004C76AC /* Resources */,
				4F2EC0BA2DEBEE7B004C76AC /* Embed Frameworks */,
			);
			buildRules = (
			);
			dependencies = (
			);
			fileSystemSynchronizedGroups = (
				4F2EC0572DEBDD26004C76AC /* SwiftGLTFSample */,
			);
			name = SwiftGLTFSample_iOS;
			packageProductDependencies = (
				4F2030272E1171AC0047CAE8 /* SwiftGLTF */,
				4F2030292E1171AC0047CAE8 /* SwiftGLTFRenderer */,
			);
			productName = SwiftGLTFPreview;
			productReference = 4F2EC0552DEBDD26004C76AC /* SwiftGLTFSample.app */;
			productType = "com.apple.product-type.application";
		};
		4F2EC0C12DEBEFF0004C76AC /* SwiftGLTFSample_macOS */ = {
			isa = PBXNativeTarget;
			buildConfigurationList = 4F2EC0CE2DEBEFF1004C76AC /* Build configuration list for PBXNativeTarget "SwiftGLTFSample_macOS" */;
			buildPhases = (
				4F2EC0BE2DEBEFF0004C76AC /* Sources */,
				4F2EC0BF2DEBEFF0004C76AC /* Frameworks */,
				4F2EC0C02DEBEFF0004C76AC /* Resources */,
			);
			buildRules = (
			);
			dependencies = (
			);
			name = SwiftGLTFSample_macOS;
			packageProductDependencies = (
				4F20302B2E1171B30047CAE8 /* SwiftGLTF */,
				4F20302D2E1171B30047CAE8 /* SwiftGLTFRenderer */,
			);
			productName = SwiftGLTFPreviewMacOS;
			productReference = 4F2EC0C22DEBEFF0004C76AC /* SwiftGLTFSample.app */;
			productType = "com.apple.product-type.application";
		};
/* End PBXNativeTarget section */

/* Begin PBXProject section */
		4F2EC04D2DEBDD26004C76AC /* Project object */ = {
			isa = PBXProject;
			attributes = {
				BuildIndependentTargetsInParallel = 1;
				LastSwiftUpdateCheck = 1620;
				LastUpgradeCheck = 1620;
				TargetAttributes = {
					4F2EC0542DEBDD26004C76AC = {
						CreatedOnToolsVersion = 16.2;
					};
					4F2EC0C12DEBEFF0004C76AC = {
						CreatedOnToolsVersion = 16.2;
					};
				};
			};
			buildConfigurationList = 4F2EC0502DEBDD26004C76AC /* Build configuration list for PBXProject "SwiftGLTFSample" */;
			developmentRegion = en;
			hasScannedForEncodings = 0;
			knownRegions = (
				en,
				Base,
			);
			mainGroup = 4F2EC04C2DEBDD26004C76AC;
			minimizedProjectReferenceProxies = 1;
			packageReferences = (
				4F2030262E1171A30047CAE8 /* XCLocalSwiftPackageReference "../SwiftGLTF" */,
			);
			preferredProjectObjectVersion = 77;
			productRefGroup = 4F2EC0562DEBDD26004C76AC /* Products */;
			projectDirPath = "";
			projectRoot = "";
			targets = (
				4F2EC0542DEBDD26004C76AC /* SwiftGLTFSample_iOS */,
				4F2EC0C12DEBEFF0004C76AC /* SwiftGLTFSample_macOS */,
			);
		};
/* End PBXProject section */

/* Begin PBXResourcesBuildPhase section */
		4F2EC0532DEBDD26004C76AC /* Resources */ = {
			isa = PBXResourcesBuildPhase;
			buildActionMask = 2147483647;
			files = (
			);
			runOnlyForDeploymentPostprocessing = 0;
		};
		4F2EC0C02DEBEFF0004C76AC /* Resources */ = {
			isa = PBXResourcesBuildPhase;
			buildActionMask = 2147483647;
			files = (
			);
			runOnlyForDeploymentPostprocessing = 0;
		};
/* End PBXResourcesBuildPhase section */

/* Begin PBXSourcesBuildPhase section */
		4F2EC0512DEBDD26004C76AC /* Sources */ = {
			isa = PBXSourcesBuildPhase;
			buildActionMask = 2147483647;
			files = (
			);
			runOnlyForDeploymentPostprocessing = 0;
		};
		4F2EC0BE2DEBEFF0004C76AC /* Sources */ = {
			isa = PBXSourcesBuildPhase;
			buildActionMask = 2147483647;
			files = (
			);
			runOnlyForDeploymentPostprocessing = 0;
		};
/* End PBXSourcesBuildPhase section */

/* Begin XCBuildConfiguration section */
		4F2EC0692DEBDD27004C76AC /* Debug */ = {
			isa = XCBuildConfiguration;
			buildSettings = {
				ASSETCATALOG_COMPILER_APPICON_NAME = AppIcon;
				ASSETCATALOG_COMPILER_GLOBAL_ACCENT_COLOR_NAME = AccentColor;
				CODE_SIGN_STYLE = Automatic;
				CURRENT_PROJECT_VERSION = 1;
				DEVELOPMENT_TEAM = 2CMV7D36JC;
				GENERATE_INFOPLIST_FILE = YES;
				INFOPLIST_FILE = SwiftGLTFSample/iOS/Info.plist;
				INFOPLIST_KEY_UIApplicationSupportsIndirectInputEvents = YES;
				INFOPLIST_KEY_UILaunchStoryboardName = LaunchScreen;
				INFOPLIST_KEY_UIMainStoryboardFile = Main;
				INFOPLIST_KEY_UISupportedInterfaceOrientations_iPad = "UIInterfaceOrientationPortrait UIInterfaceOrientationPortraitUpsideDown UIInterfaceOrientationLandscapeLeft UIInterfaceOrientationLandscapeRight";
				INFOPLIST_KEY_UISupportedInterfaceOrientations_iPhone = "UIInterfaceOrientationPortrait UIInterfaceOrientationLandscapeLeft UIInterfaceOrientationLandscapeRight";
				LD_RUNPATH_SEARCH_PATHS = (
					"$(inherited)",
					"@executable_path/Frameworks",
				);
				MARKETING_VERSION = 1.0;
				PRODUCT_BUNDLE_IDENTIFIER = com.nhiro1109.SwiftGLTFPreview;
				PRODUCT_NAME = SwiftGLTFSample;
				SWIFT_EMIT_LOC_STRINGS = YES;
				SWIFT_VERSION = 5.0;
				TARGETED_DEVICE_FAMILY = "1,2";
			};
			name = Debug;
		};
		4F2EC06A2DEBDD27004C76AC /* Release */ = {
			isa = XCBuildConfiguration;
			buildSettings = {
				ASSETCATALOG_COMPILER_APPICON_NAME = AppIcon;
				ASSETCATALOG_COMPILER_GLOBAL_ACCENT_COLOR_NAME = AccentColor;
				CODE_SIGN_STYLE = Automatic;
				CURRENT_PROJECT_VERSION = 1;
				DEVELOPMENT_TEAM = 2CMV7D36JC;
				GENERATE_INFOPLIST_FILE = YES;
				INFOPLIST_FILE = SwiftGLTFSample/iOS/Info.plist;
				INFOPLIST_KEY_UIApplicationSupportsIndirectInputEvents = YES;
				INFOPLIST_KEY_UILaunchStoryboardName = LaunchScreen;
				INFOPLIST_KEY_UIMainStoryboardFile = Main;
				INFOPLIST_KEY_UISupportedInterfaceOrientations_iPad = "UIInterfaceOrientationPortrait UIInterfaceOrientationPortraitUpsideDown UIInterfaceOrientationLandscapeLeft UIInterfaceOrientationLandscapeRight";
				INFOPLIST_KEY_UISupportedInterfaceOrientations_iPhone = "UIInterfaceOrientationPortrait UIInterfaceOrientationLandscapeLeft UIInterfaceOrientationLandscapeRight";
				LD_RUNPATH_SEARCH_PATHS = (
					"$(inherited)",
					"@executable_path/Frameworks",
				);
				MARKETING_VERSION = 1.0;
				PRODUCT_BUNDLE_IDENTIFIER = com.nhiro1109.SwiftGLTFPreview;
				PRODUCT_NAME = SwiftGLTFSample;
				SWIFT_EMIT_LOC_STRINGS = YES;
				SWIFT_VERSION = 5.0;
				TARGETED_DEVICE_FAMILY = "1,2";
			};
			name = Release;
		};
		4F2EC06B2DEBDD27004C76AC /* Debug */ = {
			isa = XCBuildConfiguration;
			buildSettings = {
				ALWAYS_SEARCH_USER_PATHS = NO;
				ASSETCATALOG_COMPILER_GENERATE_SWIFT_ASSET_SYMBOL_EXTENSIONS = YES;
				CLANG_ANALYZER_NONNULL = YES;
				CLANG_ANALYZER_NUMBER_OBJECT_CONVERSION = YES_AGGRESSIVE;
				CLANG_CXX_LANGUAGE_STANDARD = "gnu++20";
				CLANG_ENABLE_MODULES = YES;
				CLANG_ENABLE_OBJC_ARC = YES;
				CLANG_ENABLE_OBJC_WEAK = YES;
				CLANG_WARN_BLOCK_CAPTURE_AUTORELEASING = YES;
				CLANG_WARN_BOOL_CONVERSION = YES;
				CLANG_WARN_COMMA = YES;
				CLANG_WARN_CONSTANT_CONVERSION = YES;
				CLANG_WARN_DEPRECATED_OBJC_IMPLEMENTATIONS = YES;
				CLANG_WARN_DIRECT_OBJC_ISA_USAGE = YES_ERROR;
				CLANG_WARN_DOCUMENTATION_COMMENTS = YES;
				CLANG_WARN_EMPTY_BODY = YES;
				CLANG_WARN_ENUM_CONVERSION = YES;
				CLANG_WARN_INFINITE_RECURSION = YES;
				CLANG_WARN_INT_CONVERSION = YES;
				CLANG_WARN_NON_LITERAL_NULL_CONVERSION = YES;
				CLANG_WARN_OBJC_IMPLICIT_RETAIN_SELF = YES;
				CLANG_WARN_OBJC_LITERAL_CONVERSION = YES;
				CLANG_WARN_OBJC_ROOT_CLASS = YES_ERROR;
				CLANG_WARN_QUOTED_INCLUDE_IN_FRAMEWORK_HEADER = YES;
				CLANG_WARN_RANGE_LOOP_ANALYSIS = YES;
				CLANG_WARN_STRICT_PROTOTYPES = YES;
				CLANG_WARN_SUSPICIOUS_MOVE = YES;
				CLANG_WARN_UNGUARDED_AVAILABILITY = YES_AGGRESSIVE;
				CLANG_WARN_UNREACHABLE_CODE = YES;
				CLANG_WARN__DUPLICATE_METHOD_MATCH = YES;
				COPY_PHASE_STRIP = NO;
				DEBUG_INFORMATION_FORMAT = dwarf;
				ENABLE_STRICT_OBJC_MSGSEND = YES;
				ENABLE_TESTABILITY = YES;
				ENABLE_USER_SCRIPT_SANDBOXING = YES;
				GCC_C_LANGUAGE_STANDARD = gnu17;
				GCC_DYNAMIC_NO_PIC = NO;
				GCC_NO_COMMON_BLOCKS = YES;
				GCC_OPTIMIZATION_LEVEL = 0;
				GCC_PREPROCESSOR_DEFINITIONS = (
					"DEBUG=1",
					"$(inherited)",
				);
				GCC_WARN_64_TO_32_BIT_CONVERSION = YES;
				GCC_WARN_ABOUT_RETURN_TYPE = YES_ERROR;
				GCC_WARN_UNDECLARED_SELECTOR = YES;
				GCC_WARN_UNINITIALIZED_AUTOS = YES_AGGRESSIVE;
				GCC_WARN_UNUSED_FUNCTION = YES;
				GCC_WARN_UNUSED_VARIABLE = YES;
				IPHONEOS_DEPLOYMENT_TARGET = 18.2;
				LOCALIZATION_PREFERS_STRING_CATALOGS = YES;
				MTL_ENABLE_DEBUG_INFO = INCLUDE_SOURCE;
				MTL_FAST_MATH = YES;
				ONLY_ACTIVE_ARCH = YES;
				SDKROOT = iphoneos;
				SWIFT_ACTIVE_COMPILATION_CONDITIONS = "DEBUG $(inherited)";
				SWIFT_OPTIMIZATION_LEVEL = "-Onone";
			};
			name = Debug;
		};
		4F2EC06C2DEBDD27004C76AC /* Release */ = {
			isa = XCBuildConfiguration;
			buildSettings = {
				ALWAYS_SEARCH_USER_PATHS = NO;
				ASSETCATALOG_COMPILER_GENERATE_SWIFT_ASSET_SYMBOL_EXTENSIONS = YES;
				CLANG_ANALYZER_NONNULL = YES;
				CLANG_ANALYZER_NUMBER_OBJECT_CONVERSION = YES_AGGRESSIVE;
				CLANG_CXX_LANGUAGE_STANDARD = "gnu++20";
				CLANG_ENABLE_MODULES = YES;
				CLANG_ENABLE_OBJC_ARC = YES;
				CLANG_ENABLE_OBJC_WEAK = YES;
				CLANG_WARN_BLOCK_CAPTURE_AUTORELEASING = YES;
				CLANG_WARN_BOOL_CONVERSION = YES;
				CLANG_WARN_COMMA = YES;
				CLANG_WARN_CONSTANT_CONVERSION = YES;
				CLANG_WARN_DEPRECATED_OBJC_IMPLEMENTATIONS = YES;
				CLANG_WARN_DIRECT_OBJC_ISA_USAGE = YES_ERROR;
				CLANG_WARN_DOCUMENTATION_COMMENTS = YES;
				CLANG_WARN_EMPTY_BODY = YES;
				CLANG_WARN_ENUM_CONVERSION = YES;
				CLANG_WARN_INFINITE_RECURSION = YES;
				CLANG_WARN_INT_CONVERSION = YES;
				CLANG_WARN_NON_LITERAL_NULL_CONVERSION = YES;
				CLANG_WARN_OBJC_IMPLICIT_RETAIN_SELF = YES;
				CLANG_WARN_OBJC_LITERAL_CONVERSION = YES;
				CLANG_WARN_OBJC_ROOT_CLASS = YES_ERROR;
				CLANG_WARN_QUOTED_INCLUDE_IN_FRAMEWORK_HEADER = YES;
				CLANG_WARN_RANGE_LOOP_ANALYSIS = YES;
				CLANG_WARN_STRICT_PROTOTYPES = YES;
				CLANG_WARN_SUSPICIOUS_MOVE = YES;
				CLANG_WARN_UNGUARDED_AVAILABILITY = YES_AGGRESSIVE;
				CLANG_WARN_UNREACHABLE_CODE = YES;
				CLANG_WARN__DUPLICATE_METHOD_MATCH = YES;
				COPY_PHASE_STRIP = NO;
				DEBUG_INFORMATION_FORMAT = "dwarf-with-dsym";
				ENABLE_NS_ASSERTIONS = NO;
				ENABLE_STRICT_OBJC_MSGSEND = YES;
				ENABLE_USER_SCRIPT_SANDBOXING = YES;
				GCC_C_LANGUAGE_STANDARD = gnu17;
				GCC_NO_COMMON_BLOCKS = YES;
				GCC_WARN_64_TO_32_BIT_CONVERSION = YES;
				GCC_WARN_ABOUT_RETURN_TYPE = YES_ERROR;
				GCC_WARN_UNDECLARED_SELECTOR = YES;
				GCC_WARN_UNINITIALIZED_AUTOS = YES_AGGRESSIVE;
				GCC_WARN_UNUSED_FUNCTION = YES;
				GCC_WARN_UNUSED_VARIABLE = YES;
				IPHONEOS_DEPLOYMENT_TARGET = 18.2;
				LOCALIZATION_PREFERS_STRING_CATALOGS = YES;
				MTL_ENABLE_DEBUG_INFO = NO;
				MTL_FAST_MATH = YES;
				SDKROOT = iphoneos;
				SWIFT_COMPILATION_MODE = wholemodule;
				VALIDATE_PRODUCT = YES;
			};
			name = Release;
		};
		4F2EC0CF2DEBEFF1004C76AC /* Debug */ = {
			isa = XCBuildConfiguration;
			buildSettings = {
				ASSETCATALOG_COMPILER_APPICON_NAME = AppIcon;
				ASSETCATALOG_COMPILER_GLOBAL_ACCENT_COLOR_NAME = AccentColor;
				CODE_SIGN_ENTITLEMENTS = SwiftGLTFSample/macOS/SwiftGLTFSample_macOS.entitlements;
				CODE_SIGN_STYLE = Automatic;
				COMBINE_HIDPI_IMAGES = YES;
				CURRENT_PROJECT_VERSION = 1;
				DEVELOPMENT_TEAM = 2CMV7D36JC;
				ENABLE_HARDENED_RUNTIME = YES;
				GENERATE_INFOPLIST_FILE = YES;
				INFOPLIST_FILE = SwiftGLTFSample/macOS/Info.plist;
				INFOPLIST_KEY_NSHumanReadableCopyright = "";
				INFOPLIST_KEY_NSMainStoryboardFile = Main;
				INFOPLIST_KEY_NSPrincipalClass = NSApplication;
				LD_RUNPATH_SEARCH_PATHS = (
					"$(inherited)",
					"@executable_path/../Frameworks",
				);
				MACOSX_DEPLOYMENT_TARGET = 15.2;
				MARKETING_VERSION = 1.0;
				PRODUCT_BUNDLE_IDENTIFIER = com.nhiro1109.SwiftGLTFPreviewMacOS;
				PRODUCT_NAME = SwiftGLTFSample;
				SDKROOT = macosx;
				SWIFT_EMIT_LOC_STRINGS = YES;
				SWIFT_VERSION = 5.0;
			};
			name = Debug;
		};
		4F2EC0D02DEBEFF1004C76AC /* Release */ = {
			isa = XCBuildConfiguration;
			buildSettings = {
				ASSETCATALOG_COMPILER_APPICON_NAME = AppIcon;
				ASSETCATALOG_COMPILER_GLOBAL_ACCENT_COLOR_NAME = AccentColor;
				CODE_SIGN_ENTITLEMENTS = SwiftGLTFSample/macOS/SwiftGLTFSample_macOS.entitlements;
				CODE_SIGN_STYLE = Automatic;
				COMBINE_HIDPI_IMAGES = YES;
				CURRENT_PROJECT_VERSION = 1;
				DEVELOPMENT_TEAM = 2CMV7D36JC;
				ENABLE_HARDENED_RUNTIME = YES;
				GENERATE_INFOPLIST_FILE = YES;
				INFOPLIST_FILE = SwiftGLTFSample/macOS/Info.plist;
				INFOPLIST_KEY_NSHumanReadableCopyright = "";
				INFOPLIST_KEY_NSMainStoryboardFile = Main;
				INFOPLIST_KEY_NSPrincipalClass = NSApplication;
				LD_RUNPATH_SEARCH_PATHS = (
					"$(inherited)",
					"@executable_path/../Frameworks",
				);
				MACOSX_DEPLOYMENT_TARGET = 15.2;
				MARKETING_VERSION = 1.0;
				PRODUCT_BUNDLE_IDENTIFIER = com.nhiro1109.SwiftGLTFPreviewMacOS;
				PRODUCT_NAME = SwiftGLTFSample;
				SDKROOT = macosx;
				SWIFT_EMIT_LOC_STRINGS = YES;
				SWIFT_VERSION = 5.0;
			};
			name = Release;
		};
/* End XCBuildConfiguration section */

/* Begin XCConfigurationList section */
		4F2EC0502DEBDD26004C76AC /* Build configuration list for PBXProject "SwiftGLTFSample" */ = {
			isa = XCConfigurationList;
			buildConfigurations = (
				4F2EC06B2DEBDD27004C76AC /* Debug */,
				4F2EC06C2DEBDD27004C76AC /* Release */,
			);
			defaultConfigurationIsVisible = 0;
			defaultConfigurationName = Release;
		};
		4F2EC0682DEBDD27004C76AC /* Build configuration list for PBXNativeTarget "SwiftGLTFSample_iOS" */ = {
			isa = XCConfigurationList;
			buildConfigurations = (
				4F2EC0692DEBDD27004C76AC /* Debug */,
				4F2EC06A2DEBDD27004C76AC /* Release */,
			);
			defaultConfigurationIsVisible = 0;
			defaultConfigurationName = Release;
		};
		4F2EC0CE2DEBEFF1004C76AC /* Build configuration list for PBXNativeTarget "SwiftGLTFSample_macOS" */ = {
			isa = XCConfigurationList;
			buildConfigurations = (
				4F2EC0CF2DEBEFF1004C76AC /* Debug */,
				4F2EC0D02DEBEFF1004C76AC /* Release */,
			);
			defaultConfigurationIsVisible = 0;
			defaultConfigurationName = Release;
		};
/* End XCConfigurationList section */

/* Begin XCLocalSwiftPackageReference section */
		4F2030262E1171A30047CAE8 /* XCLocalSwiftPackageReference "../SwiftGLTF" */ = {
			isa = XCLocalSwiftPackageReference;
			relativePath = ../SwiftGLTF;
		};
/* End XCLocalSwiftPackageReference section */

/* Begin XCSwiftPackageProductDependency section */
		4F2030272E1171AC0047CAE8 /* SwiftGLTF */ = {
			isa = XCSwiftPackageProductDependency;
			package = 4F2030262E1171A30047CAE8 /* XCLocalSwiftPackageReference "../SwiftGLTF" */;
			productName = SwiftGLTF;
		};
		4F2030292E1171AC0047CAE8 /* SwiftGLTFRenderer */ = {
			isa = XCSwiftPackageProductDependency;
			package = 4F2030262E1171A30047CAE8 /* XCLocalSwiftPackageReference "../SwiftGLTF" */;
			productName = SwiftGLTFRenderer;
		};
		4F20302B2E1171B30047CAE8 /* SwiftGLTF */ = {
			isa = XCSwiftPackageProductDependency;
			package = 4F2030262E1171A30047CAE8 /* XCLocalSwiftPackageReference "../SwiftGLTF" */;
			productName = SwiftGLTF;
		};
		4F20302D2E1171B30047CAE8 /* SwiftGLTFRenderer */ = {
			isa = XCSwiftPackageProductDependency;
			package = 4F2030262E1171A30047CAE8 /* XCLocalSwiftPackageReference "../SwiftGLTF" */;
			productName = SwiftGLTFRenderer;
		};
/* End XCSwiftPackageProductDependency section */
	};
	rootObject = 4F2EC04D2DEBDD26004C76AC /* Project object */;
}
