{
  "originHash" : "1f1d1561ad400b829b00ddafacaac955950d91b3453faabfd1f818d503691adc",
  "pins" : [
    {
      "identity" : "img2cubemap",
      "kind" : "remoteSourceControl",
      "location" : "https://github.com/nhiroyasu/Img2Cubemap.git",
      "state" : {
        "revision" : "9c1df1b5f0399d4d637cf528f14b936e0d751da3",
        "version" : "0.1.14"
      }
    },
    {
      "identity" : "openexrwrapper",
      "kind" : "remoteSourceControl",
      "location" : "https://github.com/nhiroyasu/OpenEXRWrapper.git",
      "state" : {
        "revision" : "989c926375e1ea146cfc7a531dc2dcaacab83bdb",
        "version" : "0.1.2"
      }
    }
  ],
  "version" : 3
}
